
Microsoft Visual Studio Solution File, Format Version 12.00
# Visual Studio Version 16
VisualStudioVersion = 16.0.32413.511
MinimumVisualStudioVersion = 10.0.40219.1
Project("{2150E333-8FDC-42A3-9474-1A3956D46DE8}") = "Clase1", "Clase1", "{8294F6A5-80AB-4B96-BC29-128948110FFE}"
EndProject
Project("{9A19103F-16F7-4668-BE54-9A1E7A4F7556}") = "Ejercicio01", "Ejercicio01\Ejercicio01.csproj", "{570FB557-B1BE-4DD7-B60F-2829A505D1CA}"
EndProject
Project("{9A19103F-16F7-4668-BE54-9A1E7A4F7556}") = "Ejercicio02", "Ejercicio02\Ejercicio02.csproj", "{BAB72F70-9934-4138-AECB-A97FDFD1ADE7}"
EndProject
Project("{9A19103F-16F7-4668-BE54-9A1E7A4F7556}") = "Ejercicio03", "Ejercicio03\Ejercicio03.csproj", "{75D5B030-839B-4F06-B9C1-AB133C05DF21}"
EndProject
Project("{2150E333-8FDC-42A3-9474-1A3956D46DE8}") = "Clase2", "Clase2", "{4F6D5E5B-B88F-4051-ABD0-59405643CD8A}"
EndProject
Project("{FAE04EC0-301F-11D3-BF4B-00C04F79EFBC}") = "Ejercicio01_C2", "Ejercicio01_C2\Ejercicio01_C2.csproj", "{23241755-6755-493E-8D80-383DA105CFAB}"
EndProject
Project("{2150E333-8FDC-42A3-9474-1A3956D46DE8}") = "Biblioteca_De_Clases", "Biblioteca_De_Clases", "{38362379-6B34-4E6D-B652-EE78BDE61941}"
EndProject
Project("{FAE04EC0-301F-11D3-BF4B-00C04F79EFBC}") = "Biblioteca_De_Clases", "Biblioteca_De_Clases\Biblioteca_De_Clases.csproj", "{8E848097-D8C1-4775-B081-544C5BBDA12C}"
EndProject
Project("{FAE04EC0-301F-11D3-BF4B-00C04F79EFBC}") = "Ejercicio03_C2", "Ejercicio03_C2\Ejercicio03_C2.csproj", "{89C5A5B8-D551-4EA5-8140-C9745B9EEC73}"
EndProject
Project("{FAE04EC0-301F-11D3-BF4B-00C04F79EFBC}") = "Ejercicio02_C2", "Ejercicio02_C2\Ejercicio02_C2.csproj", "{E1C0F747-767A-4928-A982-C8A89E2D13C4}"
EndProject
Project("{FAE04EC0-301F-11D3-BF4B-00C04F79EFBC}") = "Ejercicio04_Calculadora", "Ejercicio04_Calculadora\Ejercicio04_Calculadora.csproj", "{7CA90C86-5FCA-426C-A3FE-CD9DA53EDF9A}"
EndProject
Project("{FAE04EC0-301F-11D3-BF4B-00C04F79EFBC}") = "Ejercicio05_LasTablas", "Ejercicio05_LasTablas\Ejercicio05_LasTablas.csproj", "{005384FA-76E8-48E5-9280-DCD21F1FB7EB}"
EndProject
Project("{FAE04EC0-301F-11D3-BF4B-00C04F79EFBC}") = "Ejercicio06_CalculadoraDeAreas", "Ejercicio06_CalculadoraDeAreas\Ejercicio06_CalculadoraDeAreas.csproj", "{DBCABAE5-FCD7-42C3-9F27-D88CB2E35ED6}"
EndProject
Global
	GlobalSection(SolutionConfigurationPlatforms) = preSolution
		Debug|Any CPU = Debug|Any CPU
		Release|Any CPU = Release|Any CPU
	EndGlobalSection
	GlobalSection(ProjectConfigurationPlatforms) = postSolution
		{570FB557-B1BE-4DD7-B60F-2829A505D1CA}.Debug|Any CPU.ActiveCfg = Debug|Any CPU
		{570FB557-B1BE-4DD7-B60F-2829A505D1CA}.Debug|Any CPU.Build.0 = Debug|Any CPU
		{570FB557-B1BE-4DD7-B60F-2829A505D1CA}.Release|Any CPU.ActiveCfg = Release|Any CPU
		{570FB557-B1BE-4DD7-B60F-2829A505D1CA}.Release|Any CPU.Build.0 = Release|Any CPU
		{BAB72F70-9934-4138-AECB-A97FDFD1ADE7}.Debug|Any CPU.ActiveCfg = Debug|Any CPU
		{BAB72F70-9934-4138-AECB-A97FDFD1ADE7}.Debug|Any CPU.Build.0 = Debug|Any CPU
		{BAB72F70-9934-4138-AECB-A97FDFD1ADE7}.Release|Any CPU.ActiveCfg = Release|Any CPU
		{BAB72F70-9934-4138-AECB-A97FDFD1ADE7}.Release|Any CPU.Build.0 = Release|Any CPU
		{75D5B030-839B-4F06-B9C1-AB133C05DF21}.Debug|Any CPU.ActiveCfg = Debug|Any CPU
		{75D5B030-839B-4F06-B9C1-AB133C05DF21}.Debug|Any CPU.Build.0 = Debug|Any CPU
		{75D5B030-839B-4F06-B9C1-AB133C05DF21}.Release|Any CPU.ActiveCfg = Release|Any CPU
		{75D5B030-839B-4F06-B9C1-AB133C05DF21}.Release|Any CPU.Build.0 = Release|Any CPU
		{23241755-6755-493E-8D80-383DA105CFAB}.Debug|Any CPU.ActiveCfg = Debug|Any CPU
		{23241755-6755-493E-8D80-383DA105CFAB}.Debug|Any CPU.Build.0 = Debug|Any CPU
		{23241755-6755-493E-8D80-383DA105CFAB}.Release|Any CPU.ActiveCfg = Release|Any CPU
		{23241755-6755-493E-8D80-383DA105CFAB}.Release|Any CPU.Build.0 = Release|Any CPU
		{8E848097-D8C1-4775-B081-544C5BBDA12C}.Debug|Any CPU.ActiveCfg = Debug|Any CPU
		{8E848097-D8C1-4775-B081-544C5BBDA12C}.Debug|Any CPU.Build.0 = Debug|Any CPU
		{8E848097-D8C1-4775-B081-544C5BBDA12C}.Release|Any CPU.ActiveCfg = Release|Any CPU
		{8E848097-D8C1-4775-B081-544C5BBDA12C}.Release|Any CPU.Build.0 = Release|Any CPU
		{89C5A5B8-D551-4EA5-8140-C9745B9EEC73}.Debug|Any CPU.ActiveCfg = Debug|Any CPU
		{89C5A5B8-D551-4EA5-8140-C9745B9EEC73}.Debug|Any CPU.Build.0 = Debug|Any CPU
		{89C5A5B8-D551-4EA5-8140-C9745B9EEC73}.Release|Any CPU.ActiveCfg = Release|Any CPU
		{89C5A5B8-D551-4EA5-8140-C9745B9EEC73}.Release|Any CPU.Build.0 = Release|Any CPU
		{E1C0F747-767A-4928-A982-C8A89E2D13C4}.Debug|Any CPU.ActiveCfg = Debug|Any CPU
		{E1C0F747-767A-4928-A982-C8A89E2D13C4}.Debug|Any CPU.Build.0 = Debug|Any CPU
		{E1C0F747-767A-4928-A982-C8A89E2D13C4}.Release|Any CPU.ActiveCfg = Release|Any CPU
		{E1C0F747-767A-4928-A982-C8A89E2D13C4}.Release|Any CPU.Build.0 = Release|Any CPU
		{7CA90C86-5FCA-426C-A3FE-CD9DA53EDF9A}.Debug|Any CPU.ActiveCfg = Debug|Any CPU
		{7CA90C86-5FCA-426C-A3FE-CD9DA53EDF9A}.Debug|Any CPU.Build.0 = Debug|Any CPU
		{7CA90C86-5FCA-426C-A3FE-CD9DA53EDF9A}.Release|Any CPU.ActiveCfg = Release|Any CPU
		{7CA90C86-5FCA-426C-A3FE-CD9DA53EDF9A}.Release|Any CPU.Build.0 = Release|Any CPU
		{005384FA-76E8-48E5-9280-DCD21F1FB7EB}.Debug|Any CPU.ActiveCfg = Debug|Any CPU
		{005384FA-76E8-48E5-9280-DCD21F1FB7EB}.Debug|Any CPU.Build.0 = Debug|Any CPU
		{005384FA-76E8-48E5-9280-DCD21F1FB7EB}.Release|Any CPU.ActiveCfg = Release|Any CPU
		{005384FA-76E8-48E5-9280-DCD21F1FB7EB}.Release|Any CPU.Build.0 = Release|Any CPU
		{DBCABAE5-FCD7-42C3-9F27-D88CB2E35ED6}.Debug|Any CPU.ActiveCfg = Debug|Any CPU
		{DBCABAE5-FCD7-42C3-9F27-D88CB2E35ED6}.Debug|Any CPU.Build.0 = Debug|Any CPU
		{DBCABAE5-FCD7-42C3-9F27-D88CB2E35ED6}.Release|Any CPU.ActiveCfg = Release|Any CPU
		{DBCABAE5-FCD7-42C3-9F27-D88CB2E35ED6}.Release|Any CPU.Build.0 = Release|Any CPU
	EndGlobalSection
	GlobalSection(SolutionProperties) = preSolution
		HideSolutionNode = FALSE
	EndGlobalSection
	GlobalSection(NestedProjects) = preSolution
		{570FB557-B1BE-4DD7-B60F-2829A505D1CA} = {8294F6A5-80AB-4B96-BC29-128948110FFE}
		{BAB72F70-9934-4138-AECB-A97FDFD1ADE7} = {8294F6A5-80AB-4B96-BC29-128948110FFE}
		{75D5B030-839B-4F06-B9C1-AB133C05DF21} = {8294F6A5-80AB-4B96-BC29-128948110FFE}
		{23241755-6755-493E-8D80-383DA105CFAB} = {4F6D5E5B-B88F-4051-ABD0-59405643CD8A}
		{8E848097-D8C1-4775-B081-544C5BBDA12C} = {38362379-6B34-4E6D-B652-EE78BDE61941}
		{89C5A5B8-D551-4EA5-8140-C9745B9EEC73} = {4F6D5E5B-B88F-4051-ABD0-59405643CD8A}
		{E1C0F747-767A-4928-A982-C8A89E2D13C4} = {4F6D5E5B-B88F-4051-ABD0-59405643CD8A}
		{7CA90C86-5FCA-426C-A3FE-CD9DA53EDF9A} = {4F6D5E5B-B88F-4051-ABD0-59405643CD8A}
		{005384FA-76E8-48E5-9280-DCD21F1FB7EB} = {4F6D5E5B-B88F-4051-ABD0-59405643CD8A}
		{DBCABAE5-FCD7-42C3-9F27-D88CB2E35ED6} = {4F6D5E5B-B88F-4051-ABD0-59405643CD8A}
	EndGlobalSection
	GlobalSection(ExtensibilityGlobals) = postSolution
		SolutionGuid = {D250B00A-B509-492E-B55C-4E64AFC6F9F1}
	EndGlobalSection
EndGlobal
